
Microsoft Visual Studio Solution File, Format Version 12.00
# Visual Studio Version 16
VisualStudioVersion = 16.0.29326.143
MinimumVisualStudioVersion = 10.0.40219.1
Project("{FAE04EC0-301F-11D3-BF4B-00C04F79EFBC}") = "RatDoesntStealArmor", "RatDoesntStealArmor.csproj", "{62EF4B9D-68D9-4B58-88D2-BC97D5EE0A0C}"
EndProject
Global
	GlobalSection(SolutionConfigurationPlatforms) = preSolution
		Debug|Any CPU = Debug|Any CPU
		Release|Any CPU = Release|Any CPU
	EndGlobalSection
	GlobalSection(ProjectConfigurationPlatforms) = postSolution
		{62EF4B9D-68D9-4B58-88D2-BC97D5EE0A0C}.Debug|Any CPU.ActiveCfg = Debug|Any CPU
		{62EF4B9D-68D9-4B58-88D2-BC97D5EE0A0C}.Debug|Any CPU.Build.0 = Debug|Any CPU
		{62EF4B9D-68D9-4B58-88D2-BC97D5EE0A0C}.Release|Any CPU.ActiveCfg = Release|Any CPU
		{62EF4B9D-68D9-4B58-88D2-BC97D5EE0A0C}.Release|Any CPU.Build.0 = Release|Any CPU
	EndGlobalSection
	GlobalSection(SolutionProperties) = preSolution
		HideSolutionNode = FALSE
	EndGlobalSection
	GlobalSection(ExtensibilityGlobals) = postSolution
		SolutionGuid = {B16687D5-0E4E-4847-A33F-F10CD70C86EB}
	EndGlobalSection
EndGlobal
