
Microsoft Visual Studio Solution File, Format Version 12.00
# Visual Studio Version 16
VisualStudioVersion = 16.0.30413.136
MinimumVisualStudioVersion = 10.0.40219.1
Project("{FAE04EC0-301F-11D3-BF4B-00C04F79EFBC}") = "NoExplosionQueue", "NoExplosionQueue.csproj", "{A5650D19-FE79-474E-9422-723B98C9B543}"
EndProject
Global
	GlobalSection(SolutionConfigurationPlatforms) = preSolution
		Debug|Any CPU = Debug|Any CPU
		Release|Any CPU = Release|Any CPU
	EndGlobalSection
	GlobalSection(ProjectConfigurationPlatforms) = postSolution
		{A5650D19-FE79-474E-9422-723B98C9B543}.Debug|Any CPU.ActiveCfg = Debug|Any CPU
		{A5650D19-FE79-474E-9422-723B98C9B543}.Debug|Any CPU.Build.0 = Debug|Any CPU
		{A5650D19-FE79-474E-9422-723B98C9B543}.Release|Any CPU.ActiveCfg = Release|Any CPU
		{A5650D19-FE79-474E-9422-723B98C9B543}.Release|Any CPU.Build.0 = Release|Any CPU
	EndGlobalSection
	GlobalSection(SolutionProperties) = preSolution
		HideSolutionNode = FALSE
	EndGlobalSection
	GlobalSection(ExtensibilityGlobals) = postSolution
		SolutionGuid = {8AE98968-CFA7-4171-816B-D7DFDCC088EE}
	EndGlobalSection
EndGlobal
